
Microsoft Visual Studio Solution File, Format Version 12.00
# Visual Studio Version 16
VisualStudioVersion = 16.0.30128.74
MinimumVisualStudioVersion = 10.0.40219.1
Project("{FAE04EC0-301F-11D3-BF4B-00C04F79EFBC}") = "actoseg", "actoseg\actoseg.csproj", "{AF7241E8-0A67-498E-A5A5-32E652221526}"
EndProject
Project("{FAE04EC0-301F-11D3-BF4B-00C04F79EFBC}") = "Acto.Usuario.Entity", "Acto.Usuario.Entity\Acto.Usuario.Entity.csproj", "{9DB0ECCC-A435-442A-9FFC-1BD189A13B2F}"
EndProject
Project("{FAE04EC0-301F-11D3-BF4B-00C04F79EFBC}") = "Acto.Usuario.Data", "Acto.Usuario.Data\Acto.Usuario.Data.csproj", "{8AA1D174-89AE-49FD-A243-BCC98D218091}"
EndProject
Project("{FAE04EC0-301F-11D3-BF4B-00C04F79EFBC}") = "Acto.Usuario.Busines", "Acto.Usuario.Busines\Acto.Usuario.Busines.csproj", "{E078D005-289C-4C90-A9EE-B1836EEE2796}"
EndProject
Project("{FAE04EC0-301F-11D3-BF4B-00C04F79EFBC}") = "Acto.Lead.Entity", "Acto.Lead.Entity\Acto.Lead.Entity.csproj", "{85D81CB0-0399-4829-8261-41D493CBD85A}"
EndProject
Project("{FAE04EC0-301F-11D3-BF4B-00C04F79EFBC}") = "Acto.Lead.Busines", "Acto.Lead.Busines\Acto.Lead.Busines.csproj", "{81F3D9C4-6466-4ADA-A68F-BA0F692279E4}"
EndProject
Project("{FAE04EC0-301F-11D3-BF4B-00C04F79EFBC}") = "Acto.Lead.Data", "Acto.Lead.Data\Acto.Lead.Data.csproj", "{5A6D0900-4070-4DD4-8C04-487399860C38}"
EndProject
Project("{2150E333-8FDC-42A3-9474-1A3956D46DE8}") = "Lead", "Lead", "{442EF756-8AB8-432D-93E4-92075CB02060}"
EndProject
Project("{2150E333-8FDC-42A3-9474-1A3956D46DE8}") = "Usuario", "Usuario", "{6D6F7B35-CBF5-420A-ABCE-70B4EFBF332F}"
EndProject
Project("{2150E333-8FDC-42A3-9474-1A3956D46DE8}") = "Cliente", "Cliente", "{136ACA17-FA81-4919-80E5-189A694CE16E}"
EndProject
Project("{2150E333-8FDC-42A3-9474-1A3956D46DE8}") = "ActoInfra", "ActoInfra", "{C36685DE-0B4E-4911-8C64-734AFAF8A214}"
EndProject
Project("{FAE04EC0-301F-11D3-BF4B-00C04F79EFBC}") = "Acto.Infra.Db", "Acto.Infra.Db\Acto.Infra.Db.csproj", "{82EFCB8E-1619-4260-B6C7-C8D488EA5AEC}"
EndProject
Project("{FAE04EC0-301F-11D3-BF4B-00C04F79EFBC}") = "Acto.Infra.Contexto", "Acto.Infra.Contexto\Acto.Infra.Contexto.csproj", "{BAA5ED3E-7A09-4565-824C-8A754FEBC59C}"
EndProject
Project("{FAE04EC0-301F-11D3-BF4B-00C04F79EFBC}") = "Acto.Cliente.Busines", "Acto.Cliente.Busines\Acto.Cliente.Busines.csproj", "{1D43A7F1-EC58-4098-8743-5BDBB7F08FF7}"
EndProject
Project("{FAE04EC0-301F-11D3-BF4B-00C04F79EFBC}") = "Acto.Cliente.Entity", "Acto.Cliente.Entity\Acto.Cliente.Entity.csproj", "{D9412BA8-07CC-4F10-B24A-75A25D8BB24C}"
EndProject
Project("{FAE04EC0-301F-11D3-BF4B-00C04F79EFBC}") = "Acto.Cliente.Data", "Acto.Cliente.Data\Acto.Cliente.Data.csproj", "{6A860542-37FA-4050-8A97-AAC2624D396B}"
EndProject
Project("{FAE04EC0-301F-11D3-BF4B-00C04F79EFBC}") = "Acto.Infra.Log", "Acto.Log\Acto.Infra.Log.csproj", "{09B98E52-1348-4BF0-B493-6A8531D8D79A}"
EndProject
Project("{2150E333-8FDC-42A3-9474-1A3956D46DE8}") = "Endereco", "Endereco", "{43C1C810-B62F-4BA0-BBF9-D783109B1F07}"
EndProject
Project("{FAE04EC0-301F-11D3-BF4B-00C04F79EFBC}") = "Acto.Endereco.Busines", "Acto.Endereco.Busines\Acto.Endereco.Busines.csproj", "{6A18757C-A164-47B5-8396-92710E5CFC87}"
EndProject
Project("{FAE04EC0-301F-11D3-BF4B-00C04F79EFBC}") = "Acto.Endereco.Data", "Acto.Endereco.Data\Acto.Endereco.Data.csproj", "{49477610-0BAB-422E-8B9D-2FF1731EC9F8}"
EndProject
Project("{FAE04EC0-301F-11D3-BF4B-00C04F79EFBC}") = "Acto.Endereco.Entity", "Acto.Endereco.Entity\Acto.Endereco.Entity.csproj", "{A5009815-F520-4150-86AC-42C1BBAB9913}"
EndProject
Project("{2150E333-8FDC-42A3-9474-1A3956D46DE8}") = "Indicado", "Indicado", "{4DD546EF-62B7-475F-ABED-E6330CC3A3CC}"
EndProject
Project("{FAE04EC0-301F-11D3-BF4B-00C04F79EFBC}") = "Acto.Indicado.Busines", "Acto.Indicado.Busines\Acto.Indicado.Busines.csproj", "{4291F777-B882-4083-A0B4-02AD88FD3F1A}"
EndProject
Project("{FAE04EC0-301F-11D3-BF4B-00C04F79EFBC}") = "Acto.Indicado.Data", "Acto.Indicado.Data\Acto.Indicado.Data.csproj", "{2E1170E9-DCA6-4DD0-AAF8-94289E50CB49}"
EndProject
Project("{FAE04EC0-301F-11D3-BF4B-00C04F79EFBC}") = "Acto.Indicado.Entity", "Acto.Indicado.Entity\Acto.Indicado.Entity.csproj", "{819B9E1F-93F4-401B-A0CF-0F2E18414C4B}"
EndProject
Project("{2150E333-8FDC-42A3-9474-1A3956D46DE8}") = "Fipe", "Fipe", "{DD4C8486-B37A-4EF8-BFAB-ADE1253EF52B}"
EndProject
Project("{FAE04EC0-301F-11D3-BF4B-00C04F79EFBC}") = "Acto.Fipe.Busines", "Acto.Fipe.Busines\Acto.Fipe.Busines.csproj", "{347F9341-E395-49AA-A647-A8DAE184A81D}"
EndProject
Project("{FAE04EC0-301F-11D3-BF4B-00C04F79EFBC}") = "Acto.Fipe.Data", "Acto.Fipe.Data\Acto.Fipe.Data.csproj", "{020FC43A-4DD2-4EC8-9F76-FEE9C7188A56}"
EndProject
Project("{FAE04EC0-301F-11D3-BF4B-00C04F79EFBC}") = "Acto.Fipe.Entity", "Acto.Fipe.Entity\Acto.Fipe.Entity.csproj", "{25447719-E2C0-4922-BACC-4C15453D1C0A}"
EndProject
Project("{2150E333-8FDC-42A3-9474-1A3956D46DE8}") = "Cotacao", "Cotacao", "{58D45633-BE3C-4A63-BE1D-AF8A9A19AEA7}"
EndProject
Project("{FAE04EC0-301F-11D3-BF4B-00C04F79EFBC}") = "Acto.Cotacao.Busines", "Acto.Cotacao.Busines\Acto.Cotacao.Busines.csproj", "{5B355F49-7E7D-44CF-A562-AD3C5A7C4BF6}"
EndProject
Project("{FAE04EC0-301F-11D3-BF4B-00C04F79EFBC}") = "Acto.Cotacao.Data", "Acto.Cotacao.Data\Acto.Cotacao.Data.csproj", "{62A5EFBA-4078-4A01-AFE6-72BA04A08DFD}"
EndProject
Project("{FAE04EC0-301F-11D3-BF4B-00C04F79EFBC}") = "Acto.Cotacao.Entity", "Acto.Cotacao.Entity\Acto.Cotacao.Entity.csproj", "{35000EA0-EEC6-4E1A-90D6-17A11240D28E}"
EndProject
Project("{FAE04EC0-301F-11D3-BF4B-00C04F79EFBC}") = "Acto.Infra.Mail", "Acto.Infra.Mail\Acto.Infra.Mail.csproj", "{953B4B53-EF09-4B05-8776-12986A1908B7}"
EndProject
Project("{2150E333-8FDC-42A3-9474-1A3956D46DE8}") = "Empresa", "Empresa", "{BE54F83B-65F0-4731-8840-3B3766D0D13B}"
EndProject
Project("{FAE04EC0-301F-11D3-BF4B-00C04F79EFBC}") = "Acto.Empresa.Busines", "Acto.Empresa.Busines\Acto.Empresa.Busines.csproj", "{FB8A7D7D-968A-45AF-848F-8A2A9F5A02FB}"
EndProject
Project("{FAE04EC0-301F-11D3-BF4B-00C04F79EFBC}") = "Acto.Empresa.Data", "Acto.Empresa.Data\Acto.Empresa.Data.csproj", "{2A40B479-1BF4-4A76-BFA2-1D0FEF5AEDD0}"
EndProject
Project("{FAE04EC0-301F-11D3-BF4B-00C04F79EFBC}") = "Acto.Empresa.Entity", "Acto.Empresa.Entity\Acto.Empresa.Entity.csproj", "{6EA2D022-8A4D-439B-8725-9A911F983E48}"
EndProject
Global
	GlobalSection(SolutionConfigurationPlatforms) = preSolution
		Debug|Any CPU = Debug|Any CPU
		Release|Any CPU = Release|Any CPU
	EndGlobalSection
	GlobalSection(ProjectConfigurationPlatforms) = postSolution
		{AF7241E8-0A67-498E-A5A5-32E652221526}.Debug|Any CPU.ActiveCfg = Debug|Any CPU
		{AF7241E8-0A67-498E-A5A5-32E652221526}.Debug|Any CPU.Build.0 = Debug|Any CPU
		{AF7241E8-0A67-498E-A5A5-32E652221526}.Release|Any CPU.ActiveCfg = Release|Any CPU
		{AF7241E8-0A67-498E-A5A5-32E652221526}.Release|Any CPU.Build.0 = Release|Any CPU
		{9DB0ECCC-A435-442A-9FFC-1BD189A13B2F}.Debug|Any CPU.ActiveCfg = Debug|Any CPU
		{9DB0ECCC-A435-442A-9FFC-1BD189A13B2F}.Debug|Any CPU.Build.0 = Debug|Any CPU
		{9DB0ECCC-A435-442A-9FFC-1BD189A13B2F}.Release|Any CPU.ActiveCfg = Release|Any CPU
		{9DB0ECCC-A435-442A-9FFC-1BD189A13B2F}.Release|Any CPU.Build.0 = Release|Any CPU
		{8AA1D174-89AE-49FD-A243-BCC98D218091}.Debug|Any CPU.ActiveCfg = Debug|Any CPU
		{8AA1D174-89AE-49FD-A243-BCC98D218091}.Debug|Any CPU.Build.0 = Debug|Any CPU
		{8AA1D174-89AE-49FD-A243-BCC98D218091}.Release|Any CPU.ActiveCfg = Release|Any CPU
		{8AA1D174-89AE-49FD-A243-BCC98D218091}.Release|Any CPU.Build.0 = Release|Any CPU
		{E078D005-289C-4C90-A9EE-B1836EEE2796}.Debug|Any CPU.ActiveCfg = Debug|Any CPU
		{E078D005-289C-4C90-A9EE-B1836EEE2796}.Debug|Any CPU.Build.0 = Debug|Any CPU
		{E078D005-289C-4C90-A9EE-B1836EEE2796}.Release|Any CPU.ActiveCfg = Release|Any CPU
		{E078D005-289C-4C90-A9EE-B1836EEE2796}.Release|Any CPU.Build.0 = Release|Any CPU
		{85D81CB0-0399-4829-8261-41D493CBD85A}.Debug|Any CPU.ActiveCfg = Debug|Any CPU
		{85D81CB0-0399-4829-8261-41D493CBD85A}.Debug|Any CPU.Build.0 = Debug|Any CPU
		{85D81CB0-0399-4829-8261-41D493CBD85A}.Release|Any CPU.ActiveCfg = Release|Any CPU
		{85D81CB0-0399-4829-8261-41D493CBD85A}.Release|Any CPU.Build.0 = Release|Any CPU
		{81F3D9C4-6466-4ADA-A68F-BA0F692279E4}.Debug|Any CPU.ActiveCfg = Debug|Any CPU
		{81F3D9C4-6466-4ADA-A68F-BA0F692279E4}.Debug|Any CPU.Build.0 = Debug|Any CPU
		{81F3D9C4-6466-4ADA-A68F-BA0F692279E4}.Release|Any CPU.ActiveCfg = Release|Any CPU
		{81F3D9C4-6466-4ADA-A68F-BA0F692279E4}.Release|Any CPU.Build.0 = Release|Any CPU
		{5A6D0900-4070-4DD4-8C04-487399860C38}.Debug|Any CPU.ActiveCfg = Debug|Any CPU
		{5A6D0900-4070-4DD4-8C04-487399860C38}.Debug|Any CPU.Build.0 = Debug|Any CPU
		{5A6D0900-4070-4DD4-8C04-487399860C38}.Release|Any CPU.ActiveCfg = Release|Any CPU
		{5A6D0900-4070-4DD4-8C04-487399860C38}.Release|Any CPU.Build.0 = Release|Any CPU
		{82EFCB8E-1619-4260-B6C7-C8D488EA5AEC}.Debug|Any CPU.ActiveCfg = Debug|Any CPU
		{82EFCB8E-1619-4260-B6C7-C8D488EA5AEC}.Debug|Any CPU.Build.0 = Debug|Any CPU
		{82EFCB8E-1619-4260-B6C7-C8D488EA5AEC}.Release|Any CPU.ActiveCfg = Release|Any CPU
		{82EFCB8E-1619-4260-B6C7-C8D488EA5AEC}.Release|Any CPU.Build.0 = Release|Any CPU
		{BAA5ED3E-7A09-4565-824C-8A754FEBC59C}.Debug|Any CPU.ActiveCfg = Debug|Any CPU
		{BAA5ED3E-7A09-4565-824C-8A754FEBC59C}.Debug|Any CPU.Build.0 = Debug|Any CPU
		{BAA5ED3E-7A09-4565-824C-8A754FEBC59C}.Release|Any CPU.ActiveCfg = Release|Any CPU
		{BAA5ED3E-7A09-4565-824C-8A754FEBC59C}.Release|Any CPU.Build.0 = Release|Any CPU
		{1D43A7F1-EC58-4098-8743-5BDBB7F08FF7}.Debug|Any CPU.ActiveCfg = Debug|Any CPU
		{1D43A7F1-EC58-4098-8743-5BDBB7F08FF7}.Debug|Any CPU.Build.0 = Debug|Any CPU
		{1D43A7F1-EC58-4098-8743-5BDBB7F08FF7}.Release|Any CPU.ActiveCfg = Release|Any CPU
		{1D43A7F1-EC58-4098-8743-5BDBB7F08FF7}.Release|Any CPU.Build.0 = Release|Any CPU
		{D9412BA8-07CC-4F10-B24A-75A25D8BB24C}.Debug|Any CPU.ActiveCfg = Debug|Any CPU
		{D9412BA8-07CC-4F10-B24A-75A25D8BB24C}.Debug|Any CPU.Build.0 = Debug|Any CPU
		{D9412BA8-07CC-4F10-B24A-75A25D8BB24C}.Release|Any CPU.ActiveCfg = Release|Any CPU
		{D9412BA8-07CC-4F10-B24A-75A25D8BB24C}.Release|Any CPU.Build.0 = Release|Any CPU
		{6A860542-37FA-4050-8A97-AAC2624D396B}.Debug|Any CPU.ActiveCfg = Debug|Any CPU
		{6A860542-37FA-4050-8A97-AAC2624D396B}.Debug|Any CPU.Build.0 = Debug|Any CPU
		{6A860542-37FA-4050-8A97-AAC2624D396B}.Release|Any CPU.ActiveCfg = Release|Any CPU
		{6A860542-37FA-4050-8A97-AAC2624D396B}.Release|Any CPU.Build.0 = Release|Any CPU
		{09B98E52-1348-4BF0-B493-6A8531D8D79A}.Debug|Any CPU.ActiveCfg = Debug|Any CPU
		{09B98E52-1348-4BF0-B493-6A8531D8D79A}.Debug|Any CPU.Build.0 = Debug|Any CPU
		{09B98E52-1348-4BF0-B493-6A8531D8D79A}.Release|Any CPU.ActiveCfg = Release|Any CPU
		{09B98E52-1348-4BF0-B493-6A8531D8D79A}.Release|Any CPU.Build.0 = Release|Any CPU
		{6A18757C-A164-47B5-8396-92710E5CFC87}.Debug|Any CPU.ActiveCfg = Debug|Any CPU
		{6A18757C-A164-47B5-8396-92710E5CFC87}.Debug|Any CPU.Build.0 = Debug|Any CPU
		{6A18757C-A164-47B5-8396-92710E5CFC87}.Release|Any CPU.ActiveCfg = Release|Any CPU
		{6A18757C-A164-47B5-8396-92710E5CFC87}.Release|Any CPU.Build.0 = Release|Any CPU
		{49477610-0BAB-422E-8B9D-2FF1731EC9F8}.Debug|Any CPU.ActiveCfg = Debug|Any CPU
		{49477610-0BAB-422E-8B9D-2FF1731EC9F8}.Debug|Any CPU.Build.0 = Debug|Any CPU
		{49477610-0BAB-422E-8B9D-2FF1731EC9F8}.Release|Any CPU.ActiveCfg = Release|Any CPU
		{49477610-0BAB-422E-8B9D-2FF1731EC9F8}.Release|Any CPU.Build.0 = Release|Any CPU
		{A5009815-F520-4150-86AC-42C1BBAB9913}.Debug|Any CPU.ActiveCfg = Debug|Any CPU
		{A5009815-F520-4150-86AC-42C1BBAB9913}.Debug|Any CPU.Build.0 = Debug|Any CPU
		{A5009815-F520-4150-86AC-42C1BBAB9913}.Release|Any CPU.ActiveCfg = Release|Any CPU
		{A5009815-F520-4150-86AC-42C1BBAB9913}.Release|Any CPU.Build.0 = Release|Any CPU
		{4291F777-B882-4083-A0B4-02AD88FD3F1A}.Debug|Any CPU.ActiveCfg = Debug|Any CPU
		{4291F777-B882-4083-A0B4-02AD88FD3F1A}.Debug|Any CPU.Build.0 = Debug|Any CPU
		{4291F777-B882-4083-A0B4-02AD88FD3F1A}.Release|Any CPU.ActiveCfg = Release|Any CPU
		{4291F777-B882-4083-A0B4-02AD88FD3F1A}.Release|Any CPU.Build.0 = Release|Any CPU
		{2E1170E9-DCA6-4DD0-AAF8-94289E50CB49}.Debug|Any CPU.ActiveCfg = Debug|Any CPU
		{2E1170E9-DCA6-4DD0-AAF8-94289E50CB49}.Debug|Any CPU.Build.0 = Debug|Any CPU
		{2E1170E9-DCA6-4DD0-AAF8-94289E50CB49}.Release|Any CPU.ActiveCfg = Release|Any CPU
		{2E1170E9-DCA6-4DD0-AAF8-94289E50CB49}.Release|Any CPU.Build.0 = Release|Any CPU
		{819B9E1F-93F4-401B-A0CF-0F2E18414C4B}.Debug|Any CPU.ActiveCfg = Debug|Any CPU
		{819B9E1F-93F4-401B-A0CF-0F2E18414C4B}.Debug|Any CPU.Build.0 = Debug|Any CPU
		{819B9E1F-93F4-401B-A0CF-0F2E18414C4B}.Release|Any CPU.ActiveCfg = Release|Any CPU
		{819B9E1F-93F4-401B-A0CF-0F2E18414C4B}.Release|Any CPU.Build.0 = Release|Any CPU
		{347F9341-E395-49AA-A647-A8DAE184A81D}.Debug|Any CPU.ActiveCfg = Debug|Any CPU
		{347F9341-E395-49AA-A647-A8DAE184A81D}.Debug|Any CPU.Build.0 = Debug|Any CPU
		{347F9341-E395-49AA-A647-A8DAE184A81D}.Release|Any CPU.ActiveCfg = Release|Any CPU
		{347F9341-E395-49AA-A647-A8DAE184A81D}.Release|Any CPU.Build.0 = Release|Any CPU
		{020FC43A-4DD2-4EC8-9F76-FEE9C7188A56}.Debug|Any CPU.ActiveCfg = Debug|Any CPU
		{020FC43A-4DD2-4EC8-9F76-FEE9C7188A56}.Debug|Any CPU.Build.0 = Debug|Any CPU
		{020FC43A-4DD2-4EC8-9F76-FEE9C7188A56}.Release|Any CPU.ActiveCfg = Release|Any CPU
		{020FC43A-4DD2-4EC8-9F76-FEE9C7188A56}.Release|Any CPU.Build.0 = Release|Any CPU
		{25447719-E2C0-4922-BACC-4C15453D1C0A}.Debug|Any CPU.ActiveCfg = Debug|Any CPU
		{25447719-E2C0-4922-BACC-4C15453D1C0A}.Debug|Any CPU.Build.0 = Debug|Any CPU
		{25447719-E2C0-4922-BACC-4C15453D1C0A}.Release|Any CPU.ActiveCfg = Release|Any CPU
		{25447719-E2C0-4922-BACC-4C15453D1C0A}.Release|Any CPU.Build.0 = Release|Any CPU
		{5B355F49-7E7D-44CF-A562-AD3C5A7C4BF6}.Debug|Any CPU.ActiveCfg = Debug|Any CPU
		{5B355F49-7E7D-44CF-A562-AD3C5A7C4BF6}.Debug|Any CPU.Build.0 = Debug|Any CPU
		{5B355F49-7E7D-44CF-A562-AD3C5A7C4BF6}.Release|Any CPU.ActiveCfg = Release|Any CPU
		{5B355F49-7E7D-44CF-A562-AD3C5A7C4BF6}.Release|Any CPU.Build.0 = Release|Any CPU
		{62A5EFBA-4078-4A01-AFE6-72BA04A08DFD}.Debug|Any CPU.ActiveCfg = Debug|Any CPU
		{62A5EFBA-4078-4A01-AFE6-72BA04A08DFD}.Debug|Any CPU.Build.0 = Debug|Any CPU
		{62A5EFBA-4078-4A01-AFE6-72BA04A08DFD}.Release|Any CPU.ActiveCfg = Release|Any CPU
		{62A5EFBA-4078-4A01-AFE6-72BA04A08DFD}.Release|Any CPU.Build.0 = Release|Any CPU
		{35000EA0-EEC6-4E1A-90D6-17A11240D28E}.Debug|Any CPU.ActiveCfg = Debug|Any CPU
		{35000EA0-EEC6-4E1A-90D6-17A11240D28E}.Debug|Any CPU.Build.0 = Debug|Any CPU
		{35000EA0-EEC6-4E1A-90D6-17A11240D28E}.Release|Any CPU.ActiveCfg = Release|Any CPU
		{35000EA0-EEC6-4E1A-90D6-17A11240D28E}.Release|Any CPU.Build.0 = Release|Any CPU
		{953B4B53-EF09-4B05-8776-12986A1908B7}.Debug|Any CPU.ActiveCfg = Debug|Any CPU
		{953B4B53-EF09-4B05-8776-12986A1908B7}.Debug|Any CPU.Build.0 = Debug|Any CPU
		{953B4B53-EF09-4B05-8776-12986A1908B7}.Release|Any CPU.ActiveCfg = Release|Any CPU
		{953B4B53-EF09-4B05-8776-12986A1908B7}.Release|Any CPU.Build.0 = Release|Any CPU
		{FB8A7D7D-968A-45AF-848F-8A2A9F5A02FB}.Debug|Any CPU.ActiveCfg = Debug|Any CPU
		{FB8A7D7D-968A-45AF-848F-8A2A9F5A02FB}.Debug|Any CPU.Build.0 = Debug|Any CPU
		{FB8A7D7D-968A-45AF-848F-8A2A9F5A02FB}.Release|Any CPU.ActiveCfg = Release|Any CPU
		{FB8A7D7D-968A-45AF-848F-8A2A9F5A02FB}.Release|Any CPU.Build.0 = Release|Any CPU
		{2A40B479-1BF4-4A76-BFA2-1D0FEF5AEDD0}.Debug|Any CPU.ActiveCfg = Debug|Any CPU
		{2A40B479-1BF4-4A76-BFA2-1D0FEF5AEDD0}.Debug|Any CPU.Build.0 = Debug|Any CPU
		{2A40B479-1BF4-4A76-BFA2-1D0FEF5AEDD0}.Release|Any CPU.ActiveCfg = Release|Any CPU
		{2A40B479-1BF4-4A76-BFA2-1D0FEF5AEDD0}.Release|Any CPU.Build.0 = Release|Any CPU
		{6EA2D022-8A4D-439B-8725-9A911F983E48}.Debug|Any CPU.ActiveCfg = Debug|Any CPU
		{6EA2D022-8A4D-439B-8725-9A911F983E48}.Debug|Any CPU.Build.0 = Debug|Any CPU
		{6EA2D022-8A4D-439B-8725-9A911F983E48}.Release|Any CPU.ActiveCfg = Release|Any CPU
		{6EA2D022-8A4D-439B-8725-9A911F983E48}.Release|Any CPU.Build.0 = Release|Any CPU
	EndGlobalSection
	GlobalSection(SolutionProperties) = preSolution
		HideSolutionNode = FALSE
	EndGlobalSection
	GlobalSection(NestedProjects) = preSolution
		{9DB0ECCC-A435-442A-9FFC-1BD189A13B2F} = {6D6F7B35-CBF5-420A-ABCE-70B4EFBF332F}
		{8AA1D174-89AE-49FD-A243-BCC98D218091} = {6D6F7B35-CBF5-420A-ABCE-70B4EFBF332F}
		{E078D005-289C-4C90-A9EE-B1836EEE2796} = {6D6F7B35-CBF5-420A-ABCE-70B4EFBF332F}
		{85D81CB0-0399-4829-8261-41D493CBD85A} = {442EF756-8AB8-432D-93E4-92075CB02060}
		{81F3D9C4-6466-4ADA-A68F-BA0F692279E4} = {442EF756-8AB8-432D-93E4-92075CB02060}
		{5A6D0900-4070-4DD4-8C04-487399860C38} = {442EF756-8AB8-432D-93E4-92075CB02060}
		{82EFCB8E-1619-4260-B6C7-C8D488EA5AEC} = {C36685DE-0B4E-4911-8C64-734AFAF8A214}
		{BAA5ED3E-7A09-4565-824C-8A754FEBC59C} = {C36685DE-0B4E-4911-8C64-734AFAF8A214}
		{1D43A7F1-EC58-4098-8743-5BDBB7F08FF7} = {136ACA17-FA81-4919-80E5-189A694CE16E}
		{D9412BA8-07CC-4F10-B24A-75A25D8BB24C} = {136ACA17-FA81-4919-80E5-189A694CE16E}
		{6A860542-37FA-4050-8A97-AAC2624D396B} = {136ACA17-FA81-4919-80E5-189A694CE16E}
		{09B98E52-1348-4BF0-B493-6A8531D8D79A} = {C36685DE-0B4E-4911-8C64-734AFAF8A214}
		{6A18757C-A164-47B5-8396-92710E5CFC87} = {43C1C810-B62F-4BA0-BBF9-D783109B1F07}
		{49477610-0BAB-422E-8B9D-2FF1731EC9F8} = {43C1C810-B62F-4BA0-BBF9-D783109B1F07}
		{A5009815-F520-4150-86AC-42C1BBAB9913} = {43C1C810-B62F-4BA0-BBF9-D783109B1F07}
		{4291F777-B882-4083-A0B4-02AD88FD3F1A} = {4DD546EF-62B7-475F-ABED-E6330CC3A3CC}
		{2E1170E9-DCA6-4DD0-AAF8-94289E50CB49} = {4DD546EF-62B7-475F-ABED-E6330CC3A3CC}
		{819B9E1F-93F4-401B-A0CF-0F2E18414C4B} = {4DD546EF-62B7-475F-ABED-E6330CC3A3CC}
		{347F9341-E395-49AA-A647-A8DAE184A81D} = {DD4C8486-B37A-4EF8-BFAB-ADE1253EF52B}
		{020FC43A-4DD2-4EC8-9F76-FEE9C7188A56} = {DD4C8486-B37A-4EF8-BFAB-ADE1253EF52B}
		{25447719-E2C0-4922-BACC-4C15453D1C0A} = {DD4C8486-B37A-4EF8-BFAB-ADE1253EF52B}
		{5B355F49-7E7D-44CF-A562-AD3C5A7C4BF6} = {58D45633-BE3C-4A63-BE1D-AF8A9A19AEA7}
		{62A5EFBA-4078-4A01-AFE6-72BA04A08DFD} = {58D45633-BE3C-4A63-BE1D-AF8A9A19AEA7}
		{35000EA0-EEC6-4E1A-90D6-17A11240D28E} = {58D45633-BE3C-4A63-BE1D-AF8A9A19AEA7}
		{953B4B53-EF09-4B05-8776-12986A1908B7} = {C36685DE-0B4E-4911-8C64-734AFAF8A214}
		{FB8A7D7D-968A-45AF-848F-8A2A9F5A02FB} = {BE54F83B-65F0-4731-8840-3B3766D0D13B}
		{2A40B479-1BF4-4A76-BFA2-1D0FEF5AEDD0} = {BE54F83B-65F0-4731-8840-3B3766D0D13B}
		{6EA2D022-8A4D-439B-8725-9A911F983E48} = {BE54F83B-65F0-4731-8840-3B3766D0D13B}
	EndGlobalSection
	GlobalSection(ExtensibilityGlobals) = postSolution
		SolutionGuid = {095088C6-B991-43AA-83E7-4E827C056D64}
	EndGlobalSection
EndGlobal
